schema: '2.0'
stages:
  import_data:
    cmd: python -m src.data.import_data
    deps:
    - path: src/config/config.py
      hash: md5
      md5: 53132210bd446dc9fff7a76bd0e592cb
      size: 273
    - path: src/data/check_structure.py
      hash: md5
      md5: fc48843ae973832ec0ded6b11e776864
      size: 1166
    - path: src/data/import_data.py
      hash: md5
      md5: 4dac0493f6d6c920f35f5b8f49f2cdec
      size: 1438
    outs:
    - path: data/raw_data
      hash: md5
      md5: 41dee78430cbebe25be9986bbb599d4a.dir
      size: 333757
      nfiles: 1
  make_dataset:
    cmd: python -m src.data.make_dataset
    deps:
    - path: data/raw_data
      hash: md5
      md5: 41dee78430cbebe25be9986bbb599d4a.dir
      size: 333757
      nfiles: 1
    - path: src/config/config.py
      hash: md5
      md5: 53132210bd446dc9fff7a76bd0e592cb
      size: 273
    - path: src/data/check_structure.py
      hash: md5
      md5: fc48843ae973832ec0ded6b11e776864
      size: 1166
    outs:
    - path: data/processed_data/X_test.csv
      hash: md5
      md5: d3be1be617366bc81a9254f075039b51
      size: 78770
    - path: data/processed_data/X_train.csv
      hash: md5
      md5: 38e9f56c92d20ee33257e3918c901e7e
      size: 183322
    - path: data/processed_data/y_test.csv
      hash: md5
      md5: e064ea83fe860a49b9e9cfab1e8ec5a7
      size: 9697
    - path: data/processed_data/y_train.csv
      hash: md5
      md5: 4f1097f0b9053f0a94904c047541877f
      size: 22710
  normalize_data:
    cmd: python -m src.data.normalize_data
    deps:
    - path: data/processed_data/X_test.csv
      hash: md5
      md5: d3be1be617366bc81a9254f075039b51
      size: 78770
    - path: data/processed_data/X_train.csv
      hash: md5
      md5: 38e9f56c92d20ee33257e3918c901e7e
      size: 183322
    - path: src/config/config.py
      hash: md5
      md5: 53132210bd446dc9fff7a76bd0e592cb
      size: 273
    - path: src/data/normalize_data.py
      hash: md5
      md5: 968e62691e7a159bfc17cda3a91906d9
      size: 2026
    outs:
    - path: data/processed_data/X_test_scaled.csv
      hash: md5
      md5: 98681904674751e1224e823fb705f6c1
      size: 85627
    - path: data/processed_data/X_train_scaled.csv
      hash: md5
      md5: 41c0d8ca5d92b44b00b18db4d7d6db9d
      size: 198675
  grid_search:
    cmd: python -m src.models.searching_params
    deps:
    - path: data/processed_data/X_train_scaled.csv
      hash: md5
      md5: 41c0d8ca5d92b44b00b18db4d7d6db9d
      size: 198675
    - path: data/processed_data/y_train.csv
      hash: md5
      md5: 4f1097f0b9053f0a94904c047541877f
      size: 22710
    - path: src/config/config.py
      hash: md5
      md5: 53132210bd446dc9fff7a76bd0e592cb
      size: 273
    outs:
    - path: models/best_params.pkl
      hash: md5
      md5: c227b1cb852879707625ec131285cd94
      size: 49
  training:
    cmd: python -m src.models.train
    deps:
    - path: data/processed_data/X_train_scaled.csv
      hash: md5
      md5: 41c0d8ca5d92b44b00b18db4d7d6db9d
      size: 198675
    - path: data/processed_data/y_train.csv
      hash: md5
      md5: 4f1097f0b9053f0a94904c047541877f
      size: 22710
    - path: models/best_params.pkl
      hash: md5
      md5: c227b1cb852879707625ec131285cd94
      size: 49
    - path: src/config/config.py
      hash: md5
      md5: 53132210bd446dc9fff7a76bd0e592cb
      size: 273
    outs:
    - path: models/trained_model.pkl
      hash: md5
      md5: 3f5b8de3e7afe8d5e2e0f8d006dcb1d6
      size: 774
  evaluation:
    cmd: python -m src.models.eval
    deps:
    - path: data/processed_data/X_test_scaled.csv
      hash: md5
      md5: 98681904674751e1224e823fb705f6c1
      size: 85627
    - path: data/processed_data/y_test.csv
      hash: md5
      md5: e064ea83fe860a49b9e9cfab1e8ec5a7
      size: 9697
    - path: models/trained_model.pkl
      hash: md5
      md5: 3f5b8de3e7afe8d5e2e0f8d006dcb1d6
      size: 774
    - path: src/config/config.py
      hash: md5
      md5: 53132210bd446dc9fff7a76bd0e592cb
      size: 273
    outs:
    - path: data/predictions.csv
      hash: md5
      md5: ae287fe8ff474d7df15d8cd748a90f52
      size: 19851
    - path: metrics/scores.json
      hash: md5
      md5: 6cf02e2a2c4101bbe20531d8c2f25a32
      size: 64
